GEM
  remote: https://rubygems.org/
  specs:
    async (2.43.0)
      console (~> 1.29)
      fiber-annotation
      io-event (~> 1.11)
    base32 (0.3.4)
    base64 (0.2.0)
    bech32 (1.5.0)
      thor (>= 1.1.0)
    bip-schnorr (0.7.0)
      ecdsa_ext (~> 0.5.0)
    bitcoinrb (1.12.0)
      base32 (>= 0.3.4)
      base64 (~> 0.2.0)
      bech32 (>= 1.5.0)
      bip-schnorr (>= 0.7.0)
      daemon-spawn
      ecdsa_ext (~> 0.5.1)
      eventmachine
      eventmachine_httpserver
      iniparse
      logger
      merkle (= 0.3.0)
      murmurhash3 (~> 0.1.7)
      observer (~> 0.1.2)
      secp256k1rb (= 0.1.1)
      siphash
      thor
    console (1.37.0)
      fiber-annotation
      fiber-local (~> 1.1)
      json
    daemon-spawn (0.4.2)
    diff-lcs (1.6.2)
    ecdsa (1.2.0)
    ecdsa_ext (0.5.1)
      ecdsa (~> 1.2.0)
    eventmachine (1.2.7)
    eventmachine_httpserver (0.2.1)
    ffi (1.17.4-aarch64-linux-gnu)
    ffi (1.17.4-aarch64-linux-musl)
    ffi (1.17.4-arm-linux-gnu)
    ffi (1.17.4-arm-linux-musl)
    ffi (1.17.4-arm64-darwin)
    ffi (1.17.4-x86-linux-gnu)
    ffi (1.17.4-x86-linux-musl)
    ffi (1.17.4-x86_64-darwin)
    ffi (1.17.4-x86_64-linux-gnu)
    ffi (1.17.4-x86_64-linux-musl)
    fiber-annotation (0.2.0)
    fiber-local (1.1.0)
      fiber-storage
    fiber-storage (1.0.1)
    iniparse (1.5.0)
    io-event (1.19.3)
    json (2.21.1)
    logger (1.7.0)
    maxmind-db (1.4.0)
    merkle (0.3.0)
    murmurhash3 (0.1.7)
    observer (0.1.2)
    rake (13.4.2)
    rspec (3.13.2)
      rspec-core (~> 3.13.0)
      rspec-expectations (~> 3.13.0)
      rspec-mocks (~> 3.13.0)
    rspec-core (3.13.6)
      rspec-support (~> 3.13.0)
    rspec-expectations (3.13.5)
      diff-lcs (>= 1.2.0, < 2.0)
      rspec-support (~> 3.13.0)
    rspec-mocks (3.13.8)
      diff-lcs (>= 1.2.0, < 2.0)
      rspec-support (~> 3.13.0)
    rspec-support (3.13.7)
    secp256k1rb (0.1.1)
      ffi (>= 1.16.3)
    siphash (0.0.1)
    sqlite3 (2.9.5-aarch64-linux-gnu)
    sqlite3 (2.9.5-aarch64-linux-musl)
    sqlite3 (2.9.5-arm-linux-gnu)
    sqlite3 (2.9.5-arm-linux-musl)
    sqlite3 (2.9.5-arm64-darwin)
    sqlite3 (2.9.5-x86-linux-gnu)
    sqlite3 (2.9.5-x86-linux-musl)
    sqlite3 (2.9.5-x86_64-darwin)
    sqlite3 (2.9.5-x86_64-linux-gnu)
    sqlite3 (2.9.5-x86_64-linux-musl)
    thor (1.5.0)

PLATFORMS
  aarch64-linux-gnu
  aarch64-linux-musl
  arm-linux-gnu
  arm-linux-musl
  arm64-darwin
  x86-linux-gnu
  x86-linux-musl
  x86_64-darwin
  x86_64-linux-gnu
  x86_64-linux-musl

DEPENDENCIES
  async (~> 2.0)
  bitcoinrb (~> 1.0)
  maxmind-db (~> 1.2)
  rake
  rspec (~> 3.0)
  sqlite3 (~> 2.0)

CHECKSUMS
  async (2.43.0) sha256=c3a6bd7ebb56a02b19eaa3b8ca26fced4397554bcd8c5d5046be5ee5598c452d
  base32 (0.3.4) sha256=cb9810ab7c79862ed6ead254b3a44fa2535d088396cd412eef38bdc206055aba
  base64 (0.2.0) sha256=0f25e9b21a02a0cc0cea8ef92b2041035d39350946e8789c562b2d1a3da01507
  bech32 (1.5.0) sha256=04520e3bd899a8d9d27e698eb4fc0e9f9292b42d13628d9a1814b3b8a9a68a8a
  bip-schnorr (0.7.0) sha256=1a5db8ba06885319e67e3db12f3a6f5e7b3fb132b343985ff1cc1478d73dd1f1
  bitcoinrb (1.12.0) sha256=25fa4933206fe77f18652e73ae7c8cbe87f58c98bab656120c4acf87f689fd4a
  console (1.37.0) sha256=8093b286c2595a063849c098594fee5155ecc7967d36f3aa8cbe7569c8f3efd7
  daemon-spawn (0.4.2) sha256=c3a106fa8832e4f8d5f3d541b6b52166bcf313b35dbbe1565d919b1bfe8dc1fb
  diff-lcs (1.6.2) sha256=9ae0d2cba7d4df3075fe8cd8602a8604993efc0dfa934cff568969efb1909962
  ecdsa (1.2.0) sha256=b8f7c9541b6c587cbe37e705a1b76be6dc1e85336aa23ac3cf2f07b038bcec55
  ecdsa_ext (0.5.1) sha256=d8ee8bfb6f4519188fe65898fe0b0c735962a5954f31702d0f84ffe12b99fbc6
  eventmachine (1.2.7) sha256=994016e42aa041477ba9cff45cbe50de2047f25dd418eba003e84f0d16560972
  eventmachine_httpserver (0.2.1) sha256=5db5e8a23754204d43592e5fcc2160457c57c870babe6307c4e61fc95019b809
  ffi (1.17.4-aarch64-linux-gnu) sha256=b208f06f91ffd8f5e1193da3cae3d2ccfc27fc36fba577baf698d26d91c080df
  ffi (1.17.4-aarch64-linux-musl) sha256=9286b7a615f2676245283aef0a0a3b475ae3aae2bb5448baace630bb77b91f39
  ffi (1.17.4-arm-linux-gnu) sha256=d6dbddf7cb77bf955411af5f187a65b8cd378cb003c15c05697f5feee1cb1564
  ffi (1.17.4-arm-linux-musl) sha256=9d4838ded0465bef6e2426935f6bcc93134b6616785a84ffd2a3d82bc3cf6f95
  ffi (1.17.4-arm64-darwin) sha256=19071aaf1419251b0a46852abf960e77330a3b334d13a4ab51d58b31a937001b
  ffi (1.17.4-x86-linux-gnu) sha256=38e150df5f4ca555e25beca4090823ae09657bceded154e3c52f8631c1ed72cf
  ffi (1.17.4-x86-linux-musl) sha256=fbeec0fc7c795bcf86f623bb18d31ea1820f7bd580e1703a3d3740d527437809
  ffi (1.17.4-x86_64-darwin) sha256=aa70390523cf3235096cf64962b709b4cfbd5c082a2cb2ae714eb0fe2ccda496
  ffi (1.17.4-x86_64-linux-gnu) sha256=9d3db14c2eae074b382fa9c083fe95aec6e0a1451da249eab096c34002bc752d
  ffi (1.17.4-x86_64-linux-musl) sha256=3fdf9888483de005f8ef8d1cf2d3b20d86626af206cbf780f6a6a12439a9c49e
  fiber-annotation (0.2.0) sha256=7abfadf1d119f508867d4103bf231c0354d019cc39a5738945dec2edadaf6c03
  fiber-local (1.1.0) sha256=c885f94f210fb9b05737de65d511136ea602e00c5105953748aa0f8793489f06
  fiber-storage (1.0.1) sha256=f48e5b6d8b0be96dac486332b55cee82240057065dc761c1ea692b2e719240e1
  iniparse (1.5.0) sha256=36a165e98d8a250b7631c4a7f9afba32af78f089970cd6446a39771189c761f1
  io-event (1.19.3) sha256=0fe24f0fe334ad39cf61a290131c54f8848184c0d166cea86ffae2d6548339d3
  json (2.21.1) sha256=13a43df75d95641443f5702dff350f237164a9d811ff0f2c2800d4d980220583
  logger (1.7.0) sha256=196edec7cc44b66cfb40f9755ce11b392f21f7967696af15d274dde7edff0203
  maxmind-db (1.4.0) sha256=0765c79329847fe92687a7f215a6bae843121a09ac7c8d8d9930856bcb849052
  merkle (0.3.0) sha256=c80b5abff92253d09e2c8e234dfe2ededdd7337eb438ba0ebb0bb5ac9f810128
  murmurhash3 (0.1.7) sha256=370a2ce2e9ab0711e51554e530b5f63956927a6554a296855f42a1a4a5ed0936
  observer (0.1.2) sha256=d8a3107131ba661138d748e7be3dbafc0d82e732fffba9fccb3d7829880950ac
  rake (13.4.2) sha256=cb825b2bd5f1f8e91ca37bddb4b9aaf345551b4731da62949be002fa89283701
  rspec (3.13.2) sha256=206284a08ad798e61f86d7ca3e376718d52c0bc944626b2349266f239f820587
  rspec-core (3.13.6) sha256=a8823c6411667b60a8bca135364351dda34cd55e44ff94c4be4633b37d828b2d
  rspec-expectations (3.13.5) sha256=33a4d3a1d95060aea4c94e9f237030a8f9eae5615e9bd85718fe3a09e4b58836
  rspec-mocks (3.13.8) sha256=086ad3d3d17533f4237643de0b5c42f04b66348c28bf6b9c2d3f4a3b01af1d47
  rspec-support (3.13.7) sha256=0640e5570872aafefd79867901deeeeb40b0c9875a36b983d85f54fb7381c47c
  secp256k1rb (0.1.1) sha256=1d350ef2ce66220bd21cf8f941e429a92a98ea4d8cdd1e667f65c0e8d67f99d1
  siphash (0.0.1) sha256=407ef07756b0cf9bdbd37fd27b962d2cae64dfdd038f697bb67c57c0d49a45f4
  sqlite3 (2.9.5-aarch64-linux-gnu) sha256=78075b6337d3d182c6d2b4691049ed45cd220826160c9ea18946bf6a1de200dc
  sqlite3 (2.9.5-aarch64-linux-musl) sha256=18c801185deb4adc01ddb281e8f672a39e3d1729979ca91e39439cd3eac0402d
  sqlite3 (2.9.5-arm-linux-gnu) sha256=1bdfca0c7d63998c60b0f4a8e3c8df2d33800ccc4abd2d612eddbbbc92a4c48b
  sqlite3 (2.9.5-arm-linux-musl) sha256=bae1109d12b2e9f588455967729b008e1ff4feb7761749df695019c9079913c6
  sqlite3 (2.9.5-arm64-darwin) sha256=d0cf444a70fc9395d513cfbcc1e6719e224aa645314e3824cb0474c721425aa2
  sqlite3 (2.9.5-x86-linux-gnu) sha256=c94b96b16f17796be6fa099d15218b52e396f55690c4760faaaefa21ebab9dd5
  sqlite3 (2.9.5-x86-linux-musl) sha256=063a8c13cbadfe7f29453b1706cbdf91fca4a78d244f816ff20bac4fb259f1e4
  sqlite3 (2.9.5-x86_64-darwin) sha256=8e9caae38bd7ebb29cbeee3e7ab1d12dc2327d9a1b92c7fcf0dda05589627a81
  sqlite3 (2.9.5-x86_64-linux-gnu) sha256=233dbcb6714148dd23bc5aeb33e8efd6eac974969564ddd5794c23d5f52b231e
  sqlite3 (2.9.5-x86_64-linux-musl) sha256=e7d3a7474e8af0f96150c21abc203fbab5437206bfcdf11deab7741c0ca516f2
  thor (1.5.0) sha256=e3a9e55fe857e44859ce104a84675ab6e8cd59c650a49106a05f55f136425e73

BUNDLED WITH
  4.0.10
